
Microsoft Visual Studio Solution File, Format Version 12.00
# Visual Studio Version 17
VisualStudioVersion = 17.7.34031.279
MinimumVisualStudioVersion = 10.0.40219.1
Project("{FAE04EC0-301F-11D3-BF4B-00C04F79EFBC}") = "TestLib1", "TestLib1\TestLib1.csproj", "{5FD82648-57F0-45E8-8E49-8E60B0D5DEBB}"
EndProject
Project("{FAE04EC0-301F-11D3-BF4B-00C04F79EFBC}") = "FranmworkTest", "FranmworkTest\FranmworkTest.csproj", "{35F3AD45-9BD6-491E-9482-05911EC3A04D}"
EndProject
Project("{FAE04EC0-301F-11D3-BF4B-00C04F79EFBC}") = "CoreTest", "CoreTest\CoreTest.csproj", "{984F6360-1EAD-4BF7-8C47-E94FCD5AC10D}"
EndProject
Global
	GlobalSection(SolutionConfigurationPlatforms) = preSolution
		Debug|Any CPU = Debug|Any CPU
		Release|Any CPU = Release|Any CPU
	EndGlobalSection
	GlobalSection(ProjectConfigurationPlatforms) = postSolution
		{5FD82648-57F0-45E8-8E49-8E60B0D5DEBB}.Debug|Any CPU.ActiveCfg = Debug|Any CPU
		{5FD82648-57F0-45E8-8E49-8E60B0D5DEBB}.Debug|Any CPU.Build.0 = Debug|Any CPU
		{5FD82648-57F0-45E8-8E49-8E60B0D5DEBB}.Release|Any CPU.ActiveCfg = Release|Any CPU
		{5FD82648-57F0-45E8-8E49-8E60B0D5DEBB}.Release|Any CPU.Build.0 = Release|Any CPU
		{35F3AD45-9BD6-491E-9482-05911EC3A04D}.Debug|Any CPU.ActiveCfg = Debug|Any CPU
		{35F3AD45-9BD6-491E-9482-05911EC3A04D}.Debug|Any CPU.Build.0 = Debug|Any CPU
		{35F3AD45-9BD6-491E-9482-05911EC3A04D}.Release|Any CPU.ActiveCfg = Release|Any CPU
		{35F3AD45-9BD6-491E-9482-05911EC3A04D}.Release|Any CPU.Build.0 = Release|Any CPU
		{984F6360-1EAD-4BF7-8C47-E94FCD5AC10D}.Debug|Any CPU.ActiveCfg = Debug|Any CPU
		{984F6360-1EAD-4BF7-8C47-E94FCD5AC10D}.Debug|Any CPU.Build.0 = Debug|Any CPU
		{984F6360-1EAD-4BF7-8C47-E94FCD5AC10D}.Release|Any CPU.ActiveCfg = Release|Any CPU
		{984F6360-1EAD-4BF7-8C47-E94FCD5AC10D}.Release|Any CPU.Build.0 = Release|Any CPU
	EndGlobalSection
	GlobalSection(SolutionProperties) = preSolution
		HideSolutionNode = FALSE
	EndGlobalSection
	GlobalSection(ExtensibilityGlobals) = postSolution
		SolutionGuid = {05FAE32B-9D90-457E-9594-320D11B02784}
	EndGlobalSection
EndGlobal
