
Microsoft Visual Studio Solution File, Format Version 12.00
# Visual Studio Version 17
VisualStudioVersion = 17.7.34024.191
MinimumVisualStudioVersion = 10.0.40219.1
Project("{FAE04EC0-301F-11D3-BF4B-00C04F79EFBC}") = "01ConsoleApp1", "ConsoleApp1\01ConsoleApp1.csproj", "{2FECB9FD-AA56-4CFA-A573-040279B306DA}"
EndProject
Project("{FAE04EC0-301F-11D3-BF4B-00C04F79EFBC}") = "02Convert", "Convert\02Convert.csproj", "{79CCB52F-2079-4292-97A7-A18F096018FB}"
EndProject
Project("{FAE04EC0-301F-11D3-BF4B-00C04F79EFBC}") = "03异常捕获", "03异常捕获\03异常捕获.csproj", "{B96FC316-56A0-4DF4-BAF8-A1DFD2E8548D}"
EndProject
Project("{FAE04EC0-301F-11D3-BF4B-00C04F79EFBC}") = "04调试", "04调试\04调试.csproj", "{7A1BEBB7-19CA-4808-BAC0-C3163855B358}"
EndProject
Project("{FAE04EC0-301F-11D3-BF4B-00C04F79EFBC}") = "05水仙花数", "05水仙花数\05水仙花数.csproj", "{28FA8F7C-1D77-46BA-9CD0-13D50E53BDF9}"
EndProject
Project("{FAE04EC0-301F-11D3-BF4B-00C04F79EFBC}") = "06乘法口诀表", "06乘法口诀表\06乘法口诀表.csproj", "{827FC56E-004B-4C58-96A3-44D83FCF71C5}"
EndProject
Project("{FAE04EC0-301F-11D3-BF4B-00C04F79EFBC}") = "07质数", "07质数\07质数.csproj", "{82CA72B4-611C-41EA-A9C4-CAF8C6F5EDF1}"
EndProject
Project("{FAE04EC0-301F-11D3-BF4B-00C04F79EFBC}") = "08产生随机数", "08产生随机数\08产生随机数.csproj", "{27179F1B-AE35-41C7-B0E0-09091DB6D78A}"
EndProject
Project("{FAE04EC0-301F-11D3-BF4B-00C04F79EFBC}") = "09常量", "09常量\09常量.csproj", "{8715481E-9268-4F1A-BE24-4D8ABD046375}"
EndProject
Project("{FAE04EC0-301F-11D3-BF4B-00C04F79EFBC}") = "10枚举", "10枚举\10枚举.csproj", "{44AF8D11-02A6-4233-B544-93E534DE8D26}"
EndProject
Project("{FAE04EC0-301F-11D3-BF4B-00C04F79EFBC}") = "11结构", "11结构\11结构.csproj", "{4D5DDAE2-55CE-4C32-8415-B5490BB35DED}"
EndProject
Project("{FAE04EC0-301F-11D3-BF4B-00C04F79EFBC}") = "12数组", "12数组\12数组.csproj", "{CBC7C52D-7DE6-4E18-B0F6-2B6B775B0267}"
EndProject
Project("{FAE04EC0-301F-11D3-BF4B-00C04F79EFBC}") = "13冒泡排序", "13冒泡排序\13冒泡排序.csproj", "{99D503F4-1B47-4D30-8F6D-155A6B9B5F72}"
EndProject
Project("{FAE04EC0-301F-11D3-BF4B-00C04F79EFBC}") = "14方法", "14方法\14方法.csproj", "{E8142DDF-30E1-4950-878E-34032A879AAB}"
EndProject
Project("{FAE04EC0-301F-11D3-BF4B-00C04F79EFBC}") = "15out参数", "15out参数\15out参数.csproj", "{2198A43F-C474-4F87-9A74-66A84B62CFA7}"
EndProject
Project("{FAE04EC0-301F-11D3-BF4B-00C04F79EFBC}") = "16out参数实现tryparse", "16out参数实现tryparse\16out参数实现tryparse.csproj", "{872810E8-767C-4F7E-9D1B-BA11CD2941BC}"
EndProject
Project("{FAE04EC0-301F-11D3-BF4B-00C04F79EFBC}") = "17ref参数", "17ref参数\17ref参数.csproj", "{8682F756-A04D-490D-A963-CB0CA468EA0C}"
EndProject
Project("{FAE04EC0-301F-11D3-BF4B-00C04F79EFBC}") = "18ref参数交换两个变量", "18ref参数交换两个变量\18ref参数交换两个变量.csproj", "{DC189083-1537-46D8-928C-A6799946DE9D}"
EndProject
Project("{FAE04EC0-301F-11D3-BF4B-00C04F79EFBC}") = "19params可变参数", "19params可变参数\19params可变参数.csproj", "{503B00E4-B0DD-494A-A25E-7E69E0A30CA0}"
EndProject
Global
	GlobalSection(SolutionConfigurationPlatforms) = preSolution
		Debug|Any CPU = Debug|Any CPU
		Release|Any CPU = Release|Any CPU
	EndGlobalSection
	GlobalSection(ProjectConfigurationPlatforms) = postSolution
		{2FECB9FD-AA56-4CFA-A573-040279B306DA}.Debug|Any CPU.ActiveCfg = Debug|Any CPU
		{2FECB9FD-AA56-4CFA-A573-040279B306DA}.Debug|Any CPU.Build.0 = Debug|Any CPU
		{2FECB9FD-AA56-4CFA-A573-040279B306DA}.Release|Any CPU.ActiveCfg = Release|Any CPU
		{2FECB9FD-AA56-4CFA-A573-040279B306DA}.Release|Any CPU.Build.0 = Release|Any CPU
		{79CCB52F-2079-4292-97A7-A18F096018FB}.Debug|Any CPU.ActiveCfg = Debug|Any CPU
		{79CCB52F-2079-4292-97A7-A18F096018FB}.Debug|Any CPU.Build.0 = Debug|Any CPU
		{79CCB52F-2079-4292-97A7-A18F096018FB}.Release|Any CPU.ActiveCfg = Release|Any CPU
		{79CCB52F-2079-4292-97A7-A18F096018FB}.Release|Any CPU.Build.0 = Release|Any CPU
		{B96FC316-56A0-4DF4-BAF8-A1DFD2E8548D}.Debug|Any CPU.ActiveCfg = Debug|Any CPU
		{B96FC316-56A0-4DF4-BAF8-A1DFD2E8548D}.Debug|Any CPU.Build.0 = Debug|Any CPU
		{B96FC316-56A0-4DF4-BAF8-A1DFD2E8548D}.Release|Any CPU.ActiveCfg = Release|Any CPU
		{B96FC316-56A0-4DF4-BAF8-A1DFD2E8548D}.Release|Any CPU.Build.0 = Release|Any CPU
		{7A1BEBB7-19CA-4808-BAC0-C3163855B358}.Debug|Any CPU.ActiveCfg = Debug|Any CPU
		{7A1BEBB7-19CA-4808-BAC0-C3163855B358}.Debug|Any CPU.Build.0 = Debug|Any CPU
		{7A1BEBB7-19CA-4808-BAC0-C3163855B358}.Release|Any CPU.ActiveCfg = Release|Any CPU
		{7A1BEBB7-19CA-4808-BAC0-C3163855B358}.Release|Any CPU.Build.0 = Release|Any CPU
		{28FA8F7C-1D77-46BA-9CD0-13D50E53BDF9}.Debug|Any CPU.ActiveCfg = Debug|Any CPU
		{28FA8F7C-1D77-46BA-9CD0-13D50E53BDF9}.Debug|Any CPU.Build.0 = Debug|Any CPU
		{28FA8F7C-1D77-46BA-9CD0-13D50E53BDF9}.Release|Any CPU.ActiveCfg = Release|Any CPU
		{28FA8F7C-1D77-46BA-9CD0-13D50E53BDF9}.Release|Any CPU.Build.0 = Release|Any CPU
		{827FC56E-004B-4C58-96A3-44D83FCF71C5}.Debug|Any CPU.ActiveCfg = Debug|Any CPU
		{827FC56E-004B-4C58-96A3-44D83FCF71C5}.Debug|Any CPU.Build.0 = Debug|Any CPU
		{827FC56E-004B-4C58-96A3-44D83FCF71C5}.Release|Any CPU.ActiveCfg = Release|Any CPU
		{827FC56E-004B-4C58-96A3-44D83FCF71C5}.Release|Any CPU.Build.0 = Release|Any CPU
		{82CA72B4-611C-41EA-A9C4-CAF8C6F5EDF1}.Debug|Any CPU.ActiveCfg = Debug|Any CPU
		{82CA72B4-611C-41EA-A9C4-CAF8C6F5EDF1}.Debug|Any CPU.Build.0 = Debug|Any CPU
		{82CA72B4-611C-41EA-A9C4-CAF8C6F5EDF1}.Release|Any CPU.ActiveCfg = Release|Any CPU
		{82CA72B4-611C-41EA-A9C4-CAF8C6F5EDF1}.Release|Any CPU.Build.0 = Release|Any CPU
		{27179F1B-AE35-41C7-B0E0-09091DB6D78A}.Debug|Any CPU.ActiveCfg = Debug|Any CPU
		{27179F1B-AE35-41C7-B0E0-09091DB6D78A}.Debug|Any CPU.Build.0 = Debug|Any CPU
		{27179F1B-AE35-41C7-B0E0-09091DB6D78A}.Release|Any CPU.ActiveCfg = Release|Any CPU
		{27179F1B-AE35-41C7-B0E0-09091DB6D78A}.Release|Any CPU.Build.0 = Release|Any CPU
		{8715481E-9268-4F1A-BE24-4D8ABD046375}.Debug|Any CPU.ActiveCfg = Debug|Any CPU
		{8715481E-9268-4F1A-BE24-4D8ABD046375}.Debug|Any CPU.Build.0 = Debug|Any CPU
		{8715481E-9268-4F1A-BE24-4D8ABD046375}.Release|Any CPU.ActiveCfg = Release|Any CPU
		{8715481E-9268-4F1A-BE24-4D8ABD046375}.Release|Any CPU.Build.0 = Release|Any CPU
		{44AF8D11-02A6-4233-B544-93E534DE8D26}.Debug|Any CPU.ActiveCfg = Debug|Any CPU
		{44AF8D11-02A6-4233-B544-93E534DE8D26}.Debug|Any CPU.Build.0 = Debug|Any CPU
		{44AF8D11-02A6-4233-B544-93E534DE8D26}.Release|Any CPU.ActiveCfg = Release|Any CPU
		{44AF8D11-02A6-4233-B544-93E534DE8D26}.Release|Any CPU.Build.0 = Release|Any CPU
		{4D5DDAE2-55CE-4C32-8415-B5490BB35DED}.Debug|Any CPU.ActiveCfg = Debug|Any CPU
		{4D5DDAE2-55CE-4C32-8415-B5490BB35DED}.Debug|Any CPU.Build.0 = Debug|Any CPU
		{4D5DDAE2-55CE-4C32-8415-B5490BB35DED}.Release|Any CPU.ActiveCfg = Release|Any CPU
		{4D5DDAE2-55CE-4C32-8415-B5490BB35DED}.Release|Any CPU.Build.0 = Release|Any CPU
		{CBC7C52D-7DE6-4E18-B0F6-2B6B775B0267}.Debug|Any CPU.ActiveCfg = Debug|Any CPU
		{CBC7C52D-7DE6-4E18-B0F6-2B6B775B0267}.Debug|Any CPU.Build.0 = Debug|Any CPU
		{CBC7C52D-7DE6-4E18-B0F6-2B6B775B0267}.Release|Any CPU.ActiveCfg = Release|Any CPU
		{CBC7C52D-7DE6-4E18-B0F6-2B6B775B0267}.Release|Any CPU.Build.0 = Release|Any CPU
		{99D503F4-1B47-4D30-8F6D-155A6B9B5F72}.Debug|Any CPU.ActiveCfg = Debug|Any CPU
		{99D503F4-1B47-4D30-8F6D-155A6B9B5F72}.Debug|Any CPU.Build.0 = Debug|Any CPU
		{99D503F4-1B47-4D30-8F6D-155A6B9B5F72}.Release|Any CPU.ActiveCfg = Release|Any CPU
		{99D503F4-1B47-4D30-8F6D-155A6B9B5F72}.Release|Any CPU.Build.0 = Release|Any CPU
		{E8142DDF-30E1-4950-878E-34032A879AAB}.Debug|Any CPU.ActiveCfg = Debug|Any CPU
		{E8142DDF-30E1-4950-878E-34032A879AAB}.Debug|Any CPU.Build.0 = Debug|Any CPU
		{E8142DDF-30E1-4950-878E-34032A879AAB}.Release|Any CPU.ActiveCfg = Release|Any CPU
		{E8142DDF-30E1-4950-878E-34032A879AAB}.Release|Any CPU.Build.0 = Release|Any CPU
		{2198A43F-C474-4F87-9A74-66A84B62CFA7}.Debug|Any CPU.ActiveCfg = Debug|Any CPU
		{2198A43F-C474-4F87-9A74-66A84B62CFA7}.Debug|Any CPU.Build.0 = Debug|Any CPU
		{2198A43F-C474-4F87-9A74-66A84B62CFA7}.Release|Any CPU.ActiveCfg = Release|Any CPU
		{2198A43F-C474-4F87-9A74-66A84B62CFA7}.Release|Any CPU.Build.0 = Release|Any CPU
		{872810E8-767C-4F7E-9D1B-BA11CD2941BC}.Debug|Any CPU.ActiveCfg = Debug|Any CPU
		{872810E8-767C-4F7E-9D1B-BA11CD2941BC}.Debug|Any CPU.Build.0 = Debug|Any CPU
		{872810E8-767C-4F7E-9D1B-BA11CD2941BC}.Release|Any CPU.ActiveCfg = Release|Any CPU
		{872810E8-767C-4F7E-9D1B-BA11CD2941BC}.Release|Any CPU.Build.0 = Release|Any CPU
		{8682F756-A04D-490D-A963-CB0CA468EA0C}.Debug|Any CPU.ActiveCfg = Debug|Any CPU
		{8682F756-A04D-490D-A963-CB0CA468EA0C}.Debug|Any CPU.Build.0 = Debug|Any CPU
		{8682F756-A04D-490D-A963-CB0CA468EA0C}.Release|Any CPU.ActiveCfg = Release|Any CPU
		{8682F756-A04D-490D-A963-CB0CA468EA0C}.Release|Any CPU.Build.0 = Release|Any CPU
		{DC189083-1537-46D8-928C-A6799946DE9D}.Debug|Any CPU.ActiveCfg = Debug|Any CPU
		{DC189083-1537-46D8-928C-A6799946DE9D}.Debug|Any CPU.Build.0 = Debug|Any CPU
		{DC189083-1537-46D8-928C-A6799946DE9D}.Release|Any CPU.ActiveCfg = Release|Any CPU
		{DC189083-1537-46D8-928C-A6799946DE9D}.Release|Any CPU.Build.0 = Release|Any CPU
		{503B00E4-B0DD-494A-A25E-7E69E0A30CA0}.Debug|Any CPU.ActiveCfg = Debug|Any CPU
		{503B00E4-B0DD-494A-A25E-7E69E0A30CA0}.Debug|Any CPU.Build.0 = Debug|Any CPU
		{503B00E4-B0DD-494A-A25E-7E69E0A30CA0}.Release|Any CPU.ActiveCfg = Release|Any CPU
		{503B00E4-B0DD-494A-A25E-7E69E0A30CA0}.Release|Any CPU.Build.0 = Release|Any CPU
	EndGlobalSection
	GlobalSection(SolutionProperties) = preSolution
		HideSolutionNode = FALSE
	EndGlobalSection
	GlobalSection(ExtensibilityGlobals) = postSolution
		SolutionGuid = {FC2638CD-596D-4AEB-87CC-0BD27A6465DF}
	EndGlobalSection
EndGlobal
