
Microsoft Visual Studio Solution File, Format Version 12.00
# Visual Studio Version 17
VisualStudioVersion = 17.7.34031.279
MinimumVisualStudioVersion = 10.0.40219.1
Project("{FAE04EC0-301F-11D3-BF4B-00C04F79EFBC}") = "01索引器", "01索引器\01索引器.csproj", "{D1962B7D-0D4A-4262-B446-BF5ACFADA29C}"
EndProject
Project("{FAE04EC0-301F-11D3-BF4B-00C04F79EFBC}") = "02索引器++", "02索引器++\02索引器++.csproj", "{415E1539-9D95-4FF2-AAF7-3FA20DAA8825}"
EndProject
Project("{FAE04EC0-301F-11D3-BF4B-00C04F79EFBC}") = "03单例模式", "03单例模式\03单例模式.csproj", "{52D4C66E-F821-4FA1-9FCD-CD035465C67F}"
EndProject
Project("{FAE04EC0-301F-11D3-BF4B-00C04F79EFBC}") = "04创建XML", "04创建XML\04创建XML.csproj", "{AC802621-2767-4A1F-9F13-A0115D67EAC2}"
EndProject
Project("{FAE04EC0-301F-11D3-BF4B-00C04F79EFBC}") = "05创建带属性的xml文档", "05创建带属性的xml文档\05创建带属性的xml文档.csproj", "{262D2D2F-3D44-4E63-981E-15990CC893E4}"
EndProject
Project("{FAE04EC0-301F-11D3-BF4B-00C04F79EFBC}") = "06向xml文档追加", "06向xml文档追加\06向xml文档追加.csproj", "{F72462BF-FED0-4FF3-A81F-CE7618CA74F6}"
EndProject
Project("{FAE04EC0-301F-11D3-BF4B-00C04F79EFBC}") = "07读取xml文档", "07读取xml文档\07读取xml文档.csproj", "{F07B6EE1-B6E8-4680-BB5D-DBDFBEC9592D}"
EndProject
Project("{FAE04EC0-301F-11D3-BF4B-00C04F79EFBC}") = "08读取带属性的xml文档", "08读取带属性的xml文档\08读取带属性的xml文档.csproj", "{EE9089B8-0408-48D4-8425-2A549F89368F}"
EndProject
Project("{FAE04EC0-301F-11D3-BF4B-00C04F79EFBC}") = "09删除节点", "09删除节点\09删除节点.csproj", "{0D221A2A-C108-4D45-A2AD-FC9BDC2291A4}"
EndProject
Project("{FAE04EC0-301F-11D3-BF4B-00C04F79EFBC}") = "10委托", "10委托\10委托.csproj", "{D40B413A-7F35-423B-9007-42A51F28371C}"
EndProject
Project("{FAE04EC0-301F-11D3-BF4B-00C04F79EFBC}") = "11委托定义", "11委托定义\11委托定义.csproj", "{3B077434-4C54-4EA7-89F3-F8C707E1B7F9}"
EndProject
Project("{FAE04EC0-301F-11D3-BF4B-00C04F79EFBC}") = "12匿名函数", "12匿名函数\12匿名函数.csproj", "{BE40BABA-B961-44DC-8B36-F767ED801D2A}"
EndProject
Project("{FAE04EC0-301F-11D3-BF4B-00C04F79EFBC}") = "13简单匿名函数", "13简单匿名函数\13简单匿名函数.csproj", "{DF793383-8DA0-41F1-BDB6-2884837FFB35}"
EndProject
Project("{FAE04EC0-301F-11D3-BF4B-00C04F79EFBC}") = "14使用委托求数组的最大值", "14使用委托求数组的最大值\14使用委托求数组的最大值.csproj", "{47ABEC87-2A8F-47B5-AFFA-C3ACA4643D72}"
EndProject
Project("{FAE04EC0-301F-11D3-BF4B-00C04F79EFBC}") = "15求最大值pro-泛型委托", "15求最大值pro\15求最大值pro-泛型委托.csproj", "{2E749AB7-A352-4F2A-85D5-FDC46B2BB959}"
EndProject
Project("{FAE04EC0-301F-11D3-BF4B-00C04F79EFBC}") = "16lamda表达式", "16lamda表达式\16lamda表达式.csproj", "{21643BEE-F916-4BE7-8140-9812A780DCC4}"
EndProject
Project("{FAE04EC0-301F-11D3-BF4B-00C04F79EFBC}") = "17委托实现窗体传值", "17委托实现窗体传值\17委托实现窗体传值.csproj", "{07A50D02-800E-4CF2-A706-066EBC5D16C7}"
EndProject
Project("{FAE04EC0-301F-11D3-BF4B-00C04F79EFBC}") = "18多播委托", "18多播委托\18多播委托.csproj", "{0371974B-14C1-46A6-84B5-B184C382DF73}"
EndProject
Global
	GlobalSection(SolutionConfigurationPlatforms) = preSolution
		Debug|Any CPU = Debug|Any CPU
		Release|Any CPU = Release|Any CPU
	EndGlobalSection
	GlobalSection(ProjectConfigurationPlatforms) = postSolution
		{D1962B7D-0D4A-4262-B446-BF5ACFADA29C}.Debug|Any CPU.ActiveCfg = Debug|Any CPU
		{D1962B7D-0D4A-4262-B446-BF5ACFADA29C}.Debug|Any CPU.Build.0 = Debug|Any CPU
		{D1962B7D-0D4A-4262-B446-BF5ACFADA29C}.Release|Any CPU.ActiveCfg = Release|Any CPU
		{D1962B7D-0D4A-4262-B446-BF5ACFADA29C}.Release|Any CPU.Build.0 = Release|Any CPU
		{415E1539-9D95-4FF2-AAF7-3FA20DAA8825}.Debug|Any CPU.ActiveCfg = Debug|Any CPU
		{415E1539-9D95-4FF2-AAF7-3FA20DAA8825}.Debug|Any CPU.Build.0 = Debug|Any CPU
		{415E1539-9D95-4FF2-AAF7-3FA20DAA8825}.Release|Any CPU.ActiveCfg = Release|Any CPU
		{415E1539-9D95-4FF2-AAF7-3FA20DAA8825}.Release|Any CPU.Build.0 = Release|Any CPU
		{52D4C66E-F821-4FA1-9FCD-CD035465C67F}.Debug|Any CPU.ActiveCfg = Debug|Any CPU
		{52D4C66E-F821-4FA1-9FCD-CD035465C67F}.Debug|Any CPU.Build.0 = Debug|Any CPU
		{52D4C66E-F821-4FA1-9FCD-CD035465C67F}.Release|Any CPU.ActiveCfg = Release|Any CPU
		{52D4C66E-F821-4FA1-9FCD-CD035465C67F}.Release|Any CPU.Build.0 = Release|Any CPU
		{AC802621-2767-4A1F-9F13-A0115D67EAC2}.Debug|Any CPU.ActiveCfg = Debug|Any CPU
		{AC802621-2767-4A1F-9F13-A0115D67EAC2}.Debug|Any CPU.Build.0 = Debug|Any CPU
		{AC802621-2767-4A1F-9F13-A0115D67EAC2}.Release|Any CPU.ActiveCfg = Release|Any CPU
		{AC802621-2767-4A1F-9F13-A0115D67EAC2}.Release|Any CPU.Build.0 = Release|Any CPU
		{262D2D2F-3D44-4E63-981E-15990CC893E4}.Debug|Any CPU.ActiveCfg = Debug|Any CPU
		{262D2D2F-3D44-4E63-981E-15990CC893E4}.Debug|Any CPU.Build.0 = Debug|Any CPU
		{262D2D2F-3D44-4E63-981E-15990CC893E4}.Release|Any CPU.ActiveCfg = Release|Any CPU
		{262D2D2F-3D44-4E63-981E-15990CC893E4}.Release|Any CPU.Build.0 = Release|Any CPU
		{F72462BF-FED0-4FF3-A81F-CE7618CA74F6}.Debug|Any CPU.ActiveCfg = Debug|Any CPU
		{F72462BF-FED0-4FF3-A81F-CE7618CA74F6}.Debug|Any CPU.Build.0 = Debug|Any CPU
		{F72462BF-FED0-4FF3-A81F-CE7618CA74F6}.Release|Any CPU.ActiveCfg = Release|Any CPU
		{F72462BF-FED0-4FF3-A81F-CE7618CA74F6}.Release|Any CPU.Build.0 = Release|Any CPU
		{F07B6EE1-B6E8-4680-BB5D-DBDFBEC9592D}.Debug|Any CPU.ActiveCfg = Debug|Any CPU
		{F07B6EE1-B6E8-4680-BB5D-DBDFBEC9592D}.Debug|Any CPU.Build.0 = Debug|Any CPU
		{F07B6EE1-B6E8-4680-BB5D-DBDFBEC9592D}.Release|Any CPU.ActiveCfg = Release|Any CPU
		{F07B6EE1-B6E8-4680-BB5D-DBDFBEC9592D}.Release|Any CPU.Build.0 = Release|Any CPU
		{EE9089B8-0408-48D4-8425-2A549F89368F}.Debug|Any CPU.ActiveCfg = Debug|Any CPU
		{EE9089B8-0408-48D4-8425-2A549F89368F}.Debug|Any CPU.Build.0 = Debug|Any CPU
		{EE9089B8-0408-48D4-8425-2A549F89368F}.Release|Any CPU.ActiveCfg = Release|Any CPU
		{EE9089B8-0408-48D4-8425-2A549F89368F}.Release|Any CPU.Build.0 = Release|Any CPU
		{0D221A2A-C108-4D45-A2AD-FC9BDC2291A4}.Debug|Any CPU.ActiveCfg = Debug|Any CPU
		{0D221A2A-C108-4D45-A2AD-FC9BDC2291A4}.Debug|Any CPU.Build.0 = Debug|Any CPU
		{0D221A2A-C108-4D45-A2AD-FC9BDC2291A4}.Release|Any CPU.ActiveCfg = Release|Any CPU
		{0D221A2A-C108-4D45-A2AD-FC9BDC2291A4}.Release|Any CPU.Build.0 = Release|Any CPU
		{D40B413A-7F35-423B-9007-42A51F28371C}.Debug|Any CPU.ActiveCfg = Debug|Any CPU
		{D40B413A-7F35-423B-9007-42A51F28371C}.Debug|Any CPU.Build.0 = Debug|Any CPU
		{D40B413A-7F35-423B-9007-42A51F28371C}.Release|Any CPU.ActiveCfg = Release|Any CPU
		{D40B413A-7F35-423B-9007-42A51F28371C}.Release|Any CPU.Build.0 = Release|Any CPU
		{3B077434-4C54-4EA7-89F3-F8C707E1B7F9}.Debug|Any CPU.ActiveCfg = Debug|Any CPU
		{3B077434-4C54-4EA7-89F3-F8C707E1B7F9}.Debug|Any CPU.Build.0 = Debug|Any CPU
		{3B077434-4C54-4EA7-89F3-F8C707E1B7F9}.Release|Any CPU.ActiveCfg = Release|Any CPU
		{3B077434-4C54-4EA7-89F3-F8C707E1B7F9}.Release|Any CPU.Build.0 = Release|Any CPU
		{BE40BABA-B961-44DC-8B36-F767ED801D2A}.Debug|Any CPU.ActiveCfg = Debug|Any CPU
		{BE40BABA-B961-44DC-8B36-F767ED801D2A}.Debug|Any CPU.Build.0 = Debug|Any CPU
		{BE40BABA-B961-44DC-8B36-F767ED801D2A}.Release|Any CPU.ActiveCfg = Release|Any CPU
		{BE40BABA-B961-44DC-8B36-F767ED801D2A}.Release|Any CPU.Build.0 = Release|Any CPU
		{DF793383-8DA0-41F1-BDB6-2884837FFB35}.Debug|Any CPU.ActiveCfg = Debug|Any CPU
		{DF793383-8DA0-41F1-BDB6-2884837FFB35}.Debug|Any CPU.Build.0 = Debug|Any CPU
		{DF793383-8DA0-41F1-BDB6-2884837FFB35}.Release|Any CPU.ActiveCfg = Release|Any CPU
		{DF793383-8DA0-41F1-BDB6-2884837FFB35}.Release|Any CPU.Build.0 = Release|Any CPU
		{47ABEC87-2A8F-47B5-AFFA-C3ACA4643D72}.Debug|Any CPU.ActiveCfg = Debug|Any CPU
		{47ABEC87-2A8F-47B5-AFFA-C3ACA4643D72}.Debug|Any CPU.Build.0 = Debug|Any CPU
		{47ABEC87-2A8F-47B5-AFFA-C3ACA4643D72}.Release|Any CPU.ActiveCfg = Release|Any CPU
		{47ABEC87-2A8F-47B5-AFFA-C3ACA4643D72}.Release|Any CPU.Build.0 = Release|Any CPU
		{2E749AB7-A352-4F2A-85D5-FDC46B2BB959}.Debug|Any CPU.ActiveCfg = Debug|Any CPU
		{2E749AB7-A352-4F2A-85D5-FDC46B2BB959}.Debug|Any CPU.Build.0 = Debug|Any CPU
		{2E749AB7-A352-4F2A-85D5-FDC46B2BB959}.Release|Any CPU.ActiveCfg = Release|Any CPU
		{2E749AB7-A352-4F2A-85D5-FDC46B2BB959}.Release|Any CPU.Build.0 = Release|Any CPU
		{21643BEE-F916-4BE7-8140-9812A780DCC4}.Debug|Any CPU.ActiveCfg = Debug|Any CPU
		{21643BEE-F916-4BE7-8140-9812A780DCC4}.Debug|Any CPU.Build.0 = Debug|Any CPU
		{21643BEE-F916-4BE7-8140-9812A780DCC4}.Release|Any CPU.ActiveCfg = Release|Any CPU
		{21643BEE-F916-4BE7-8140-9812A780DCC4}.Release|Any CPU.Build.0 = Release|Any CPU
		{07A50D02-800E-4CF2-A706-066EBC5D16C7}.Debug|Any CPU.ActiveCfg = Debug|Any CPU
		{07A50D02-800E-4CF2-A706-066EBC5D16C7}.Debug|Any CPU.Build.0 = Debug|Any CPU
		{07A50D02-800E-4CF2-A706-066EBC5D16C7}.Release|Any CPU.ActiveCfg = Release|Any CPU
		{07A50D02-800E-4CF2-A706-066EBC5D16C7}.Release|Any CPU.Build.0 = Release|Any CPU
		{0371974B-14C1-46A6-84B5-B184C382DF73}.Debug|Any CPU.ActiveCfg = Debug|Any CPU
		{0371974B-14C1-46A6-84B5-B184C382DF73}.Debug|Any CPU.Build.0 = Debug|Any CPU
		{0371974B-14C1-46A6-84B5-B184C382DF73}.Release|Any CPU.ActiveCfg = Release|Any CPU
		{0371974B-14C1-46A6-84B5-B184C382DF73}.Release|Any CPU.Build.0 = Release|Any CPU
	EndGlobalSection
	GlobalSection(SolutionProperties) = preSolution
		HideSolutionNode = FALSE
	EndGlobalSection
	GlobalSection(ExtensibilityGlobals) = postSolution
		SolutionGuid = {1712CD77-D11C-4917-97FD-E2DCE267843D}
	EndGlobalSection
EndGlobal
