
Microsoft Visual Studio Solution File, Format Version 12.00
# Visual Studio Version 17
VisualStudioVersion = 17.6.33829.357
MinimumVisualStudioVersion = 10.0.40219.1
Project("{FAE04EC0-301F-11D3-BF4B-00C04F79EFBC}") = "Day6", "Day6\Day6.csproj", "{D3DC614C-3E6A-4BB5-90CE-9657F53DFC2F}"
EndProject
Global
	GlobalSection(SolutionConfigurationPlatforms) = preSolution
		Debug|Any CPU = Debug|Any CPU
		Release|Any CPU = Release|Any CPU
	EndGlobalSection
	GlobalSection(ProjectConfigurationPlatforms) = postSolution
		{D3DC614C-3E6A-4BB5-90CE-9657F53DFC2F}.Debug|Any CPU.ActiveCfg = Debug|Any CPU
		{D3DC614C-3E6A-4BB5-90CE-9657F53DFC2F}.Debug|Any CPU.Build.0 = Debug|Any CPU
		{D3DC614C-3E6A-4BB5-90CE-9657F53DFC2F}.Release|Any CPU.ActiveCfg = Release|Any CPU
		{D3DC614C-3E6A-4BB5-90CE-9657F53DFC2F}.Release|Any CPU.Build.0 = Release|Any CPU
	EndGlobalSection
	GlobalSection(SolutionProperties) = preSolution
		HideSolutionNode = FALSE
	EndGlobalSection
	GlobalSection(ExtensibilityGlobals) = postSolution
		SolutionGuid = {8CC9950A-B3DC-4548-920A-EC5BF1030D0E}
	EndGlobalSection
EndGlobal
