
Microsoft Visual Studio Solution File, Format Version 12.00
# Visual Studio Version 17
VisualStudioVersion = 17.7.34031.279
MinimumVisualStudioVersion = 10.0.40219.1
Project("{FAE04EC0-301F-11D3-BF4B-00C04F79EFBC}") = "WinFormsApp1", "WinFormsApp1\WinFormsApp1.csproj", "{6FCA5C37-E62A-49C6-AD83-39526AFFA6F1}"
EndProject
Global
	GlobalSection(SolutionConfigurationPlatforms) = preSolution
		Debug|Any CPU = Debug|Any CPU
		Release|Any CPU = Release|Any CPU
	EndGlobalSection
	GlobalSection(ProjectConfigurationPlatforms) = postSolution
		{6FCA5C37-E62A-49C6-AD83-39526AFFA6F1}.Debug|Any CPU.ActiveCfg = Debug|Any CPU
		{6FCA5C37-E62A-49C6-AD83-39526AFFA6F1}.Debug|Any CPU.Build.0 = Debug|Any CPU
		{6FCA5C37-E62A-49C6-AD83-39526AFFA6F1}.Release|Any CPU.ActiveCfg = Release|Any CPU
		{6FCA5C37-E62A-49C6-AD83-39526AFFA6F1}.Release|Any CPU.Build.0 = Release|Any CPU
	EndGlobalSection
	GlobalSection(SolutionProperties) = preSolution
		HideSolutionNode = FALSE
	EndGlobalSection
	GlobalSection(ExtensibilityGlobals) = postSolution
		SolutionGuid = {A82937ED-FBCF-4ED8-91F6-8E33320EDF37}
	EndGlobalSection
EndGlobal
