
Microsoft Visual Studio Solution File, Format Version 12.00
# Visual Studio Version 17
VisualStudioVersion = 17.6.33829.357
MinimumVisualStudioVersion = 10.0.40219.1
Project("{FAE04EC0-301F-11D3-BF4B-00C04F79EFBC}") = "Day7", "Day7\Day7.csproj", "{812E8FB2-1069-4D0B-8D7C-546C21FB62C6}"
EndProject
Project("{FAE04EC0-301F-11D3-BF4B-00C04F79EFBC}") = "New关键字", "New关键字\New关键字.csproj", "{E232A5BE-0B67-492C-BB62-FB97121FC51F}"
EndProject
Project("{FAE04EC0-301F-11D3-BF4B-00C04F79EFBC}") = "里氏转换", "里氏转换\里氏转换.csproj", "{60584F63-4EB2-4A4F-B798-0FCCE3994AA0}"
EndProject
Project("{FAE04EC0-301F-11D3-BF4B-00C04F79EFBC}") = "Practice里氏转换", "Practice里氏转换\Practice里氏转换.csproj", "{8837D7E5-01C9-4E3F-BFBC-3109D55121D8}"
EndProject
Project("{FAE04EC0-301F-11D3-BF4B-00C04F79EFBC}") = "_ArrayList集合", "Protected\_ArrayList集合.csproj", "{29AC5F2E-38B9-4397-B68C-705E83BE7B2A}"
EndProject
Global
	GlobalSection(SolutionConfigurationPlatforms) = preSolution
		Debug|Any CPU = Debug|Any CPU
		Release|Any CPU = Release|Any CPU
	EndGlobalSection
	GlobalSection(ProjectConfigurationPlatforms) = postSolution
		{812E8FB2-1069-4D0B-8D7C-546C21FB62C6}.Debug|Any CPU.ActiveCfg = Debug|Any CPU
		{812E8FB2-1069-4D0B-8D7C-546C21FB62C6}.Debug|Any CPU.Build.0 = Debug|Any CPU
		{812E8FB2-1069-4D0B-8D7C-546C21FB62C6}.Release|Any CPU.ActiveCfg = Release|Any CPU
		{812E8FB2-1069-4D0B-8D7C-546C21FB62C6}.Release|Any CPU.Build.0 = Release|Any CPU
		{E232A5BE-0B67-492C-BB62-FB97121FC51F}.Debug|Any CPU.ActiveCfg = Debug|Any CPU
		{E232A5BE-0B67-492C-BB62-FB97121FC51F}.Debug|Any CPU.Build.0 = Debug|Any CPU
		{E232A5BE-0B67-492C-BB62-FB97121FC51F}.Release|Any CPU.ActiveCfg = Release|Any CPU
		{E232A5BE-0B67-492C-BB62-FB97121FC51F}.Release|Any CPU.Build.0 = Release|Any CPU
		{60584F63-4EB2-4A4F-B798-0FCCE3994AA0}.Debug|Any CPU.ActiveCfg = Debug|Any CPU
		{60584F63-4EB2-4A4F-B798-0FCCE3994AA0}.Debug|Any CPU.Build.0 = Debug|Any CPU
		{60584F63-4EB2-4A4F-B798-0FCCE3994AA0}.Release|Any CPU.ActiveCfg = Release|Any CPU
		{60584F63-4EB2-4A4F-B798-0FCCE3994AA0}.Release|Any CPU.Build.0 = Release|Any CPU
		{8837D7E5-01C9-4E3F-BFBC-3109D55121D8}.Debug|Any CPU.ActiveCfg = Debug|Any CPU
		{8837D7E5-01C9-4E3F-BFBC-3109D55121D8}.Debug|Any CPU.Build.0 = Debug|Any CPU
		{8837D7E5-01C9-4E3F-BFBC-3109D55121D8}.Release|Any CPU.ActiveCfg = Release|Any CPU
		{8837D7E5-01C9-4E3F-BFBC-3109D55121D8}.Release|Any CPU.Build.0 = Release|Any CPU
		{29AC5F2E-38B9-4397-B68C-705E83BE7B2A}.Debug|Any CPU.ActiveCfg = Debug|Any CPU
		{29AC5F2E-38B9-4397-B68C-705E83BE7B2A}.Debug|Any CPU.Build.0 = Debug|Any CPU
		{29AC5F2E-38B9-4397-B68C-705E83BE7B2A}.Release|Any CPU.ActiveCfg = Release|Any CPU
		{29AC5F2E-38B9-4397-B68C-705E83BE7B2A}.Release|Any CPU.Build.0 = Release|Any CPU
	EndGlobalSection
	GlobalSection(SolutionProperties) = preSolution
		HideSolutionNode = FALSE
	EndGlobalSection
	GlobalSection(ExtensibilityGlobals) = postSolution
		SolutionGuid = {0DCBD87A-9BA1-42E0-87FC-DC39EDA857F3}
	EndGlobalSection
EndGlobal
