
Microsoft Visual Studio Solution File, Format Version 12.00
# Visual Studio Version 17
VisualStudioVersion = 17.6.33829.357
MinimumVisualStudioVersion = 10.0.40219.1
Project("{8BC9CEB8-8B4A-11D0-8D11-00A0C91BC942}") = "01函数高级", "day3\day3.vcxproj", "{CB468ABE-5EC0-4C53-BA18-26793465447D}"
EndProject
Project("{8BC9CEB8-8B4A-11D0-8D11-00A0C91BC942}") = "02类和对象", "02类和对象\02类和对象.vcxproj", "{3359E563-E9C9-4E36-BC95-6E1DAA919FFA}"
EndProject
Global
	GlobalSection(SolutionConfigurationPlatforms) = preSolution
		Debug|x64 = Debug|x64
		Debug|x86 = Debug|x86
		Release|x64 = Release|x64
		Release|x86 = Release|x86
	EndGlobalSection
	GlobalSection(ProjectConfigurationPlatforms) = postSolution
		{CB468ABE-5EC0-4C53-BA18-26793465447D}.Debug|x64.ActiveCfg = Debug|x64
		{CB468ABE-5EC0-4C53-BA18-26793465447D}.Debug|x64.Build.0 = Debug|x64
		{CB468ABE-5EC0-4C53-BA18-26793465447D}.Debug|x86.ActiveCfg = Debug|Win32
		{CB468ABE-5EC0-4C53-BA18-26793465447D}.Debug|x86.Build.0 = Debug|Win32
		{CB468ABE-5EC0-4C53-BA18-26793465447D}.Release|x64.ActiveCfg = Release|x64
		{CB468ABE-5EC0-4C53-BA18-26793465447D}.Release|x64.Build.0 = Release|x64
		{CB468ABE-5EC0-4C53-BA18-26793465447D}.Release|x86.ActiveCfg = Release|Win32
		{CB468ABE-5EC0-4C53-BA18-26793465447D}.Release|x86.Build.0 = Release|Win32
		{3359E563-E9C9-4E36-BC95-6E1DAA919FFA}.Debug|x64.ActiveCfg = Debug|x64
		{3359E563-E9C9-4E36-BC95-6E1DAA919FFA}.Debug|x64.Build.0 = Debug|x64
		{3359E563-E9C9-4E36-BC95-6E1DAA919FFA}.Debug|x86.ActiveCfg = Debug|Win32
		{3359E563-E9C9-4E36-BC95-6E1DAA919FFA}.Debug|x86.Build.0 = Debug|Win32
		{3359E563-E9C9-4E36-BC95-6E1DAA919FFA}.Release|x64.ActiveCfg = Release|x64
		{3359E563-E9C9-4E36-BC95-6E1DAA919FFA}.Release|x64.Build.0 = Release|x64
		{3359E563-E9C9-4E36-BC95-6E1DAA919FFA}.Release|x86.ActiveCfg = Release|Win32
		{3359E563-E9C9-4E36-BC95-6E1DAA919FFA}.Release|x86.Build.0 = Release|Win32
	EndGlobalSection
	GlobalSection(SolutionProperties) = preSolution
		HideSolutionNode = FALSE
	EndGlobalSection
	GlobalSection(ExtensibilityGlobals) = postSolution
		SolutionGuid = {38A14DDA-F84C-4FBE-A4D7-688372989A1F}
	EndGlobalSection
EndGlobal
