
Microsoft Visual Studio Solution File, Format Version 12.00
Project("{FAE04EC0-301F-11D3-BF4B-00C04F79EFBC}") = "WpfApp1", "WpfApp1\WpfApp1.csproj", "{A8244EBE-28D4-4CE6-9EC2-D6E88E9B99EB}"
EndProject
Global
	GlobalSection(SolutionConfigurationPlatforms) = preSolution
		Debug|Any CPU = Debug|Any CPU
		Release|Any CPU = Release|Any CPU
	EndGlobalSection
	GlobalSection(ProjectConfigurationPlatforms) = postSolution
		{A8244EBE-28D4-4CE6-9EC2-D6E88E9B99EB}.Debug|Any CPU.ActiveCfg = Debug|Any CPU
		{A8244EBE-28D4-4CE6-9EC2-D6E88E9B99EB}.Debug|Any CPU.Build.0 = Debug|Any CPU
		{A8244EBE-28D4-4CE6-9EC2-D6E88E9B99EB}.Release|Any CPU.ActiveCfg = Release|Any CPU
		{A8244EBE-28D4-4CE6-9EC2-D6E88E9B99EB}.Release|Any CPU.Build.0 = Release|Any CPU
	EndGlobalSection
EndGlobal
