
Microsoft Visual Studio Solution File, Format Version 12.00
# Visual Studio Version 17
VisualStudioVersion = 17.7.34031.279
MinimumVisualStudioVersion = 10.0.40219.1
Project("{FAE04EC0-301F-11D3-BF4B-00C04F79EFBC}") = "01使用DataReader读取数据", "01使用DataReader读取数据\01使用DataReader读取数据.csproj", "{7BC6E83C-C8A5-41E3-821F-F6E6B0A27471}"
EndProject
Project("{FAE04EC0-301F-11D3-BF4B-00C04F79EFBC}") = "02使用DataAdapter", "02使用DataAdapter\02使用DataAdapter.csproj", "{BE2ABD28-0BA9-4688-913F-ACC9C60AF48F}"
EndProject
Project("{FAE04EC0-301F-11D3-BF4B-00C04F79EFBC}") = "03非查询操作", "03非查询操作\03非查询操作.csproj", "{CF14474C-9F2B-4628-AD7E-7F19E92D5834}"
EndProject
Project("{FAE04EC0-301F-11D3-BF4B-00C04F79EFBC}") = "04一个窗体中实现会员信息的增加，删除，修改，查询操作", "04一个窗体中实现会员信息的增加，删除，修改，查询操作\04一个窗体中实现会员信息的增加，删除，修改，查询操作.csproj", "{F8726D11-DC6C-437C-8EE2-86C7D7E67EA2}"
EndProject
Global
	GlobalSection(SolutionConfigurationPlatforms) = preSolution
		Debug|Any CPU = Debug|Any CPU
		Release|Any CPU = Release|Any CPU
	EndGlobalSection
	GlobalSection(ProjectConfigurationPlatforms) = postSolution
		{7BC6E83C-C8A5-41E3-821F-F6E6B0A27471}.Debug|Any CPU.ActiveCfg = Debug|Any CPU
		{7BC6E83C-C8A5-41E3-821F-F6E6B0A27471}.Debug|Any CPU.Build.0 = Debug|Any CPU
		{7BC6E83C-C8A5-41E3-821F-F6E6B0A27471}.Release|Any CPU.ActiveCfg = Release|Any CPU
		{7BC6E83C-C8A5-41E3-821F-F6E6B0A27471}.Release|Any CPU.Build.0 = Release|Any CPU
		{BE2ABD28-0BA9-4688-913F-ACC9C60AF48F}.Debug|Any CPU.ActiveCfg = Debug|Any CPU
		{BE2ABD28-0BA9-4688-913F-ACC9C60AF48F}.Debug|Any CPU.Build.0 = Debug|Any CPU
		{BE2ABD28-0BA9-4688-913F-ACC9C60AF48F}.Release|Any CPU.ActiveCfg = Release|Any CPU
		{BE2ABD28-0BA9-4688-913F-ACC9C60AF48F}.Release|Any CPU.Build.0 = Release|Any CPU
		{CF14474C-9F2B-4628-AD7E-7F19E92D5834}.Debug|Any CPU.ActiveCfg = Debug|Any CPU
		{CF14474C-9F2B-4628-AD7E-7F19E92D5834}.Debug|Any CPU.Build.0 = Debug|Any CPU
		{CF14474C-9F2B-4628-AD7E-7F19E92D5834}.Release|Any CPU.ActiveCfg = Release|Any CPU
		{CF14474C-9F2B-4628-AD7E-7F19E92D5834}.Release|Any CPU.Build.0 = Release|Any CPU
		{F8726D11-DC6C-437C-8EE2-86C7D7E67EA2}.Debug|Any CPU.ActiveCfg = Debug|Any CPU
		{F8726D11-DC6C-437C-8EE2-86C7D7E67EA2}.Debug|Any CPU.Build.0 = Debug|Any CPU
		{F8726D11-DC6C-437C-8EE2-86C7D7E67EA2}.Release|Any CPU.ActiveCfg = Release|Any CPU
		{F8726D11-DC6C-437C-8EE2-86C7D7E67EA2}.Release|Any CPU.Build.0 = Release|Any CPU
	EndGlobalSection
	GlobalSection(SolutionProperties) = preSolution
		HideSolutionNode = FALSE
	EndGlobalSection
	GlobalSection(ExtensibilityGlobals) = postSolution
		SolutionGuid = {6A555E1F-0273-4F30-AC0F-3950A2278594}
	EndGlobalSection
EndGlobal
