
Microsoft Visual Studio Solution File, Format Version 12.00
# Visual Studio Version 17
VisualStudioVersion = 17.6.33829.357
MinimumVisualStudioVersion = 10.0.40219.1
Project("{FAE04EC0-301F-11D3-BF4B-00C04F79EFBC}") = "WebApplication4", "WebApplication4\WebApplication4.csproj", "{93943CBF-9115-4AD6-8B54-B856F718D485}"
EndProject
Global
	GlobalSection(SolutionConfigurationPlatforms) = preSolution
		Debug|Any CPU = Debug|Any CPU
		Release|Any CPU = Release|Any CPU
	EndGlobalSection
	GlobalSection(ProjectConfigurationPlatforms) = postSolution
		{93943CBF-9115-4AD6-8B54-B856F718D485}.Debug|Any CPU.ActiveCfg = Debug|Any CPU
		{93943CBF-9115-4AD6-8B54-B856F718D485}.Debug|Any CPU.Build.0 = Debug|Any CPU
		{93943CBF-9115-4AD6-8B54-B856F718D485}.Release|Any CPU.ActiveCfg = Release|Any CPU
		{93943CBF-9115-4AD6-8B54-B856F718D485}.Release|Any CPU.Build.0 = Release|Any CPU
	EndGlobalSection
	GlobalSection(SolutionProperties) = preSolution
		HideSolutionNode = FALSE
	EndGlobalSection
	GlobalSection(ExtensibilityGlobals) = postSolution
		SolutionGuid = {4EEE0C0C-7421-4F6A-A5A6-ED6FD6C69DBF}
	EndGlobalSection
EndGlobal
