
Microsoft Visual Studio Solution File, Format Version 12.00
# Visual Studio Version 17
VisualStudioVersion = 17.7.34031.279
MinimumVisualStudioVersion = 10.0.40219.1
Project("{FAE04EC0-301F-11D3-BF4B-00C04F79EFBC}") = "01SQL注入", "01SQL注入\01SQL注入.csproj", "{5EC9117C-C485-4D7D-A1AF-7F2402CC432A}"
EndProject
Project("{FAE04EC0-301F-11D3-BF4B-00C04F79EFBC}") = "02sql注入的解决方案", "02sql注入的解决方案\02sql注入的解决方案.csproj", "{209AE4ED-9289-4AE0-905A-B4FA1F7CAC8D}"
EndProject
Project("{FAE04EC0-301F-11D3-BF4B-00C04F79EFBC}") = "03参数化方式实现增删改查", "03参数化方式实现增删改查\03参数化方式实现增删改查.csproj", "{CC10F606-3E6A-4850-BD9C-04903FC31716}"
EndProject
Project("{FAE04EC0-301F-11D3-BF4B-00C04F79EFBC}") = "04实现DBHelper类", "04实现DBHelper类\04实现DBHelper类.csproj", "{3F997370-618B-46FC-8DB3-93EB27E95335}"
EndProject
Global
	GlobalSection(SolutionConfigurationPlatforms) = preSolution
		Debug|Any CPU = Debug|Any CPU
		Release|Any CPU = Release|Any CPU
	EndGlobalSection
	GlobalSection(ProjectConfigurationPlatforms) = postSolution
		{5EC9117C-C485-4D7D-A1AF-7F2402CC432A}.Debug|Any CPU.ActiveCfg = Debug|Any CPU
		{5EC9117C-C485-4D7D-A1AF-7F2402CC432A}.Debug|Any CPU.Build.0 = Debug|Any CPU
		{5EC9117C-C485-4D7D-A1AF-7F2402CC432A}.Release|Any CPU.ActiveCfg = Release|Any CPU
		{5EC9117C-C485-4D7D-A1AF-7F2402CC432A}.Release|Any CPU.Build.0 = Release|Any CPU
		{209AE4ED-9289-4AE0-905A-B4FA1F7CAC8D}.Debug|Any CPU.ActiveCfg = Debug|Any CPU
		{209AE4ED-9289-4AE0-905A-B4FA1F7CAC8D}.Debug|Any CPU.Build.0 = Debug|Any CPU
		{209AE4ED-9289-4AE0-905A-B4FA1F7CAC8D}.Release|Any CPU.ActiveCfg = Release|Any CPU
		{209AE4ED-9289-4AE0-905A-B4FA1F7CAC8D}.Release|Any CPU.Build.0 = Release|Any CPU
		{CC10F606-3E6A-4850-BD9C-04903FC31716}.Debug|Any CPU.ActiveCfg = Debug|Any CPU
		{CC10F606-3E6A-4850-BD9C-04903FC31716}.Debug|Any CPU.Build.0 = Debug|Any CPU
		{CC10F606-3E6A-4850-BD9C-04903FC31716}.Release|Any CPU.ActiveCfg = Release|Any CPU
		{CC10F606-3E6A-4850-BD9C-04903FC31716}.Release|Any CPU.Build.0 = Release|Any CPU
		{3F997370-618B-46FC-8DB3-93EB27E95335}.Debug|Any CPU.ActiveCfg = Debug|Any CPU
		{3F997370-618B-46FC-8DB3-93EB27E95335}.Debug|Any CPU.Build.0 = Debug|Any CPU
		{3F997370-618B-46FC-8DB3-93EB27E95335}.Release|Any CPU.ActiveCfg = Release|Any CPU
		{3F997370-618B-46FC-8DB3-93EB27E95335}.Release|Any CPU.Build.0 = Release|Any CPU
	EndGlobalSection
	GlobalSection(SolutionProperties) = preSolution
		HideSolutionNode = FALSE
	EndGlobalSection
	GlobalSection(ExtensibilityGlobals) = postSolution
		SolutionGuid = {5DCE2C6F-79F0-4609-BA06-0596F509E818}
	EndGlobalSection
EndGlobal
