
Microsoft Visual Studio Solution File, Format Version 12.00
# Visual Studio Version 17
VisualStudioVersion = 17.5.33414.496
MinimumVisualStudioVersion = 10.0.40219.1
Project("{8BC9CEB8-8B4A-11D0-8D11-00A0C91BC942}") = "自动类型转换02", "自动类型转换02\自动类型转换02.vcxproj", "{DF557544-0C74-4AD8-B7AD-0AEEE0565471}"
EndProject
Global
	GlobalSection(SolutionConfigurationPlatforms) = preSolution
		Debug|x64 = Debug|x64
		Debug|x86 = Debug|x86
		Release|x64 = Release|x64
		Release|x86 = Release|x86
	EndGlobalSection
	GlobalSection(ProjectConfigurationPlatforms) = postSolution
		{DF557544-0C74-4AD8-B7AD-0AEEE0565471}.Debug|x64.ActiveCfg = Debug|x64
		{DF557544-0C74-4AD8-B7AD-0AEEE0565471}.Debug|x64.Build.0 = Debug|x64
		{DF557544-0C74-4AD8-B7AD-0AEEE0565471}.Debug|x86.ActiveCfg = Debug|Win32
		{DF557544-0C74-4AD8-B7AD-0AEEE0565471}.Debug|x86.Build.0 = Debug|Win32
		{DF557544-0C74-4AD8-B7AD-0AEEE0565471}.Release|x64.ActiveCfg = Release|x64
		{DF557544-0C74-4AD8-B7AD-0AEEE0565471}.Release|x64.Build.0 = Release|x64
		{DF557544-0C74-4AD8-B7AD-0AEEE0565471}.Release|x86.ActiveCfg = Release|Win32
		{DF557544-0C74-4AD8-B7AD-0AEEE0565471}.Release|x86.Build.0 = Release|Win32
	EndGlobalSection
	GlobalSection(SolutionProperties) = preSolution
		HideSolutionNode = FALSE
	EndGlobalSection
	GlobalSection(ExtensibilityGlobals) = postSolution
		SolutionGuid = {18219276-2656-4998-8054-BEFFB3862E20}
	EndGlobalSection
EndGlobal
