
Microsoft Visual Studio Solution File, Format Version 12.00
# Visual Studio Version 17
VisualStudioVersion = 17.6.33829.357
MinimumVisualStudioVersion = 10.0.40219.1
Project("{FAE04EC0-301F-11D3-BF4B-00C04F79EFBC}") = "WebApplication5", "WebApplication5\WebApplication5.csproj", "{B4BB4C67-480C-4B0C-B7EF-017BDF7D3F70}"
EndProject
Global
	GlobalSection(SolutionConfigurationPlatforms) = preSolution
		Debug|Any CPU = Debug|Any CPU
		Release|Any CPU = Release|Any CPU
	EndGlobalSection
	GlobalSection(ProjectConfigurationPlatforms) = postSolution
		{B4BB4C67-480C-4B0C-B7EF-017BDF7D3F70}.Debug|Any CPU.ActiveCfg = Debug|Any CPU
		{B4BB4C67-480C-4B0C-B7EF-017BDF7D3F70}.Debug|Any CPU.Build.0 = Debug|Any CPU
		{B4BB4C67-480C-4B0C-B7EF-017BDF7D3F70}.Release|Any CPU.ActiveCfg = Release|Any CPU
		{B4BB4C67-480C-4B0C-B7EF-017BDF7D3F70}.Release|Any CPU.Build.0 = Release|Any CPU
	EndGlobalSection
	GlobalSection(SolutionProperties) = preSolution
		HideSolutionNode = FALSE
	EndGlobalSection
	GlobalSection(ExtensibilityGlobals) = postSolution
		SolutionGuid = {7ECBD632-0C36-4CD7-8032-FEB66C9C80AE}
	EndGlobalSection
EndGlobal
