
Microsoft Visual Studio Solution File, Format Version 12.00
# Visual Studio Version 17
VisualStudioVersion = 17.7.34031.279
MinimumVisualStudioVersion = 10.0.40219.1
Project("{FAE04EC0-301F-11D3-BF4B-00C04F79EFBC}") = "09Modbus项目1", "09Modbus项目1\09Modbus项目1.csproj", "{E4E9A139-4C9D-4F99-B26F-1859C18FB8F9}"
EndProject
Global
	GlobalSection(SolutionConfigurationPlatforms) = preSolution
		Debug|Any CPU = Debug|Any CPU
		Release|Any CPU = Release|Any CPU
	EndGlobalSection
	GlobalSection(ProjectConfigurationPlatforms) = postSolution
		{E4E9A139-4C9D-4F99-B26F-1859C18FB8F9}.Debug|Any CPU.ActiveCfg = Debug|Any CPU
		{E4E9A139-4C9D-4F99-B26F-1859C18FB8F9}.Debug|Any CPU.Build.0 = Debug|Any CPU
		{E4E9A139-4C9D-4F99-B26F-1859C18FB8F9}.Release|Any CPU.ActiveCfg = Release|Any CPU
		{E4E9A139-4C9D-4F99-B26F-1859C18FB8F9}.Release|Any CPU.Build.0 = Release|Any CPU
	EndGlobalSection
	GlobalSection(SolutionProperties) = preSolution
		HideSolutionNode = FALSE
	EndGlobalSection
	GlobalSection(ExtensibilityGlobals) = postSolution
		SolutionGuid = {AA07A9D3-175E-4A8B-80FC-4AFE061A7463}
	EndGlobalSection
EndGlobal
