
Microsoft Visual Studio Solution File, Format Version 12.00
# Visual Studio Version 17
VisualStudioVersion = 17.5.33414.496
MinimumVisualStudioVersion = 10.0.40219.1
Project("{8BC9CEB8-8B4A-11D0-8D11-00A0C91BC942}") = "struct", "struct\struct.vcxproj", "{6EBC9452-C78B-4C9F-B351-4936283BD39D}"
EndProject
Global
	GlobalSection(SolutionConfigurationPlatforms) = preSolution
		Debug|x64 = Debug|x64
		Debug|x86 = Debug|x86
		Release|x64 = Release|x64
		Release|x86 = Release|x86
	EndGlobalSection
	GlobalSection(ProjectConfigurationPlatforms) = postSolution
		{6EBC9452-C78B-4C9F-B351-4936283BD39D}.Debug|x64.ActiveCfg = Debug|x64
		{6EBC9452-C78B-4C9F-B351-4936283BD39D}.Debug|x64.Build.0 = Debug|x64
		{6EBC9452-C78B-4C9F-B351-4936283BD39D}.Debug|x86.ActiveCfg = Debug|Win32
		{6EBC9452-C78B-4C9F-B351-4936283BD39D}.Debug|x86.Build.0 = Debug|Win32
		{6EBC9452-C78B-4C9F-B351-4936283BD39D}.Release|x64.ActiveCfg = Release|x64
		{6EBC9452-C78B-4C9F-B351-4936283BD39D}.Release|x64.Build.0 = Release|x64
		{6EBC9452-C78B-4C9F-B351-4936283BD39D}.Release|x86.ActiveCfg = Release|Win32
		{6EBC9452-C78B-4C9F-B351-4936283BD39D}.Release|x86.Build.0 = Release|Win32
	EndGlobalSection
	GlobalSection(SolutionProperties) = preSolution
		HideSolutionNode = FALSE
	EndGlobalSection
	GlobalSection(ExtensibilityGlobals) = postSolution
		SolutionGuid = {56F09B31-798B-4977-AB40-D795890AA519}
	EndGlobalSection
EndGlobal
