
Microsoft Visual Studio Solution File, Format Version 12.00
# Visual Studio Version 17
VisualStudioVersion = 17.6.33829.357
MinimumVisualStudioVersion = 10.0.40219.1
Project("{FAE04EC0-301F-11D3-BF4B-00C04F79EFBC}") = "Demo1", "Demo1\Demo1.csproj", "{CD28295E-46A0-4E15-AA35-B683DD5E2DA7}"
EndProject
Global
	GlobalSection(SolutionConfigurationPlatforms) = preSolution
		Debug|Any CPU = Debug|Any CPU
		Release|Any CPU = Release|Any CPU
	EndGlobalSection
	GlobalSection(ProjectConfigurationPlatforms) = postSolution
		{CD28295E-46A0-4E15-AA35-B683DD5E2DA7}.Debug|Any CPU.ActiveCfg = Debug|Any CPU
		{CD28295E-46A0-4E15-AA35-B683DD5E2DA7}.Debug|Any CPU.Build.0 = Debug|Any CPU
		{CD28295E-46A0-4E15-AA35-B683DD5E2DA7}.Release|Any CPU.ActiveCfg = Release|Any CPU
		{CD28295E-46A0-4E15-AA35-B683DD5E2DA7}.Release|Any CPU.Build.0 = Release|Any CPU
	EndGlobalSection
	GlobalSection(SolutionProperties) = preSolution
		HideSolutionNode = FALSE
	EndGlobalSection
	GlobalSection(ExtensibilityGlobals) = postSolution
		SolutionGuid = {E85EE436-6EE5-4742-93EA-262DB9897656}
	EndGlobalSection
EndGlobal
