
Microsoft Visual Studio Solution File, Format Version 12.00
# Visual Studio Version 17
VisualStudioVersion = 17.6.33829.357
MinimumVisualStudioVersion = 10.0.40219.1
Project("{FAE04EC0-301F-11D3-BF4B-00C04F79EFBC}") = "WpfApp1", "WpfApp1\WpfApp1.csproj", "{380A1583-F33D-4BE9-85CD-DBFCE37FAFC0}"
EndProject
Global
	GlobalSection(SolutionConfigurationPlatforms) = preSolution
		Debug|Any CPU = Debug|Any CPU
		Release|Any CPU = Release|Any CPU
	EndGlobalSection
	GlobalSection(ProjectConfigurationPlatforms) = postSolution
		{380A1583-F33D-4BE9-85CD-DBFCE37FAFC0}.Debug|Any CPU.ActiveCfg = Debug|Any CPU
		{380A1583-F33D-4BE9-85CD-DBFCE37FAFC0}.Debug|Any CPU.Build.0 = Debug|Any CPU
		{380A1583-F33D-4BE9-85CD-DBFCE37FAFC0}.Release|Any CPU.ActiveCfg = Release|Any CPU
		{380A1583-F33D-4BE9-85CD-DBFCE37FAFC0}.Release|Any CPU.Build.0 = Release|Any CPU
	EndGlobalSection
	GlobalSection(SolutionProperties) = preSolution
		HideSolutionNode = FALSE
	EndGlobalSection
	GlobalSection(ExtensibilityGlobals) = postSolution
		SolutionGuid = {0A9AA166-1759-4EA2-8CA1-F0D87311FC4E}
	EndGlobalSection
EndGlobal
