
Microsoft Visual Studio Solution File, Format Version 12.00
# Visual Studio Version 17
VisualStudioVersion = 17.7.34031.279
MinimumVisualStudioVersion = 10.0.40219.1
Project("{FAE04EC0-301F-11D3-BF4B-00C04F79EFBC}") = "NModbus", "NModbus\NModbus.csproj", "{5A00CEAA-8E9C-4083-954A-4090927A6330}"
EndProject
Global
	GlobalSection(SolutionConfigurationPlatforms) = preSolution
		Debug|Any CPU = Debug|Any CPU
		Release|Any CPU = Release|Any CPU
	EndGlobalSection
	GlobalSection(ProjectConfigurationPlatforms) = postSolution
		{5A00CEAA-8E9C-4083-954A-4090927A6330}.Debug|Any CPU.ActiveCfg = Debug|Any CPU
		{5A00CEAA-8E9C-4083-954A-4090927A6330}.Debug|Any CPU.Build.0 = Debug|Any CPU
		{5A00CEAA-8E9C-4083-954A-4090927A6330}.Release|Any CPU.ActiveCfg = Release|Any CPU
		{5A00CEAA-8E9C-4083-954A-4090927A6330}.Release|Any CPU.Build.0 = Release|Any CPU
	EndGlobalSection
	GlobalSection(SolutionProperties) = preSolution
		HideSolutionNode = FALSE
	EndGlobalSection
	GlobalSection(ExtensibilityGlobals) = postSolution
		SolutionGuid = {AD6C3D8F-FBB6-47F7-A727-2E2CAFF2EEFE}
	EndGlobalSection
EndGlobal
