
Microsoft Visual Studio Solution File, Format Version 12.00
# Visual Studio Version 17
VisualStudioVersion = 17.7.34031.279
MinimumVisualStudioVersion = 10.0.40219.1
Project("{FAE04EC0-301F-11D3-BF4B-00C04F79EFBC}") = "demo3", "demo3\demo3.csproj", "{BE4181CF-8A97-435F-9998-454FDBEF83B5}"
EndProject
Global
	GlobalSection(SolutionConfigurationPlatforms) = preSolution
		Debug|Any CPU = Debug|Any CPU
		Release|Any CPU = Release|Any CPU
	EndGlobalSection
	GlobalSection(ProjectConfigurationPlatforms) = postSolution
		{BE4181CF-8A97-435F-9998-454FDBEF83B5}.Debug|Any CPU.ActiveCfg = Debug|Any CPU
		{BE4181CF-8A97-435F-9998-454FDBEF83B5}.Debug|Any CPU.Build.0 = Debug|Any CPU
		{BE4181CF-8A97-435F-9998-454FDBEF83B5}.Release|Any CPU.ActiveCfg = Release|Any CPU
		{BE4181CF-8A97-435F-9998-454FDBEF83B5}.Release|Any CPU.Build.0 = Release|Any CPU
	EndGlobalSection
	GlobalSection(SolutionProperties) = preSolution
		HideSolutionNode = FALSE
	EndGlobalSection
	GlobalSection(ExtensibilityGlobals) = postSolution
		SolutionGuid = {72C0EFE1-95E5-45E3-A1C6-A741856EC2D1}
	EndGlobalSection
EndGlobal
