
Microsoft Visual Studio Solution File, Format Version 12.00
# Visual Studio Version 17
VisualStudioVersion = 17.7.34031.279
MinimumVisualStudioVersion = 10.0.40219.1
Project("{FAE04EC0-301F-11D3-BF4B-00C04F79EFBC}") = "01项目结构", "01项目结构\01项目结构.csproj", "{46408F30-E58F-4601-81B0-9E8696BE33C1}"
EndProject
Project("{FAE04EC0-301F-11D3-BF4B-00C04F79EFBC}") = "01借助DBHelper实现学生管理", "..\05借助DBHelper实现学生管理\借助DBHelper实现学生管理\01借助DBHelper实现学生管理\01借助DBHelper实现学生管理.csproj", "{D7231870-38C3-4488-A74D-6C46F7A5DD28}"
EndProject
Global
	GlobalSection(SolutionConfigurationPlatforms) = preSolution
		Debug|Any CPU = Debug|Any CPU
		Release|Any CPU = Release|Any CPU
	EndGlobalSection
	GlobalSection(ProjectConfigurationPlatforms) = postSolution
		{46408F30-E58F-4601-81B0-9E8696BE33C1}.Debug|Any CPU.ActiveCfg = Debug|Any CPU
		{46408F30-E58F-4601-81B0-9E8696BE33C1}.Debug|Any CPU.Build.0 = Debug|Any CPU
		{46408F30-E58F-4601-81B0-9E8696BE33C1}.Release|Any CPU.ActiveCfg = Release|Any CPU
		{46408F30-E58F-4601-81B0-9E8696BE33C1}.Release|Any CPU.Build.0 = Release|Any CPU
		{D7231870-38C3-4488-A74D-6C46F7A5DD28}.Debug|Any CPU.ActiveCfg = Debug|Any CPU
		{D7231870-38C3-4488-A74D-6C46F7A5DD28}.Debug|Any CPU.Build.0 = Debug|Any CPU
		{D7231870-38C3-4488-A74D-6C46F7A5DD28}.Release|Any CPU.ActiveCfg = Release|Any CPU
		{D7231870-38C3-4488-A74D-6C46F7A5DD28}.Release|Any CPU.Build.0 = Release|Any CPU
	EndGlobalSection
	GlobalSection(SolutionProperties) = preSolution
		HideSolutionNode = FALSE
	EndGlobalSection
	GlobalSection(ExtensibilityGlobals) = postSolution
		SolutionGuid = {ED5C35D1-BECA-4981-957C-A4E019C67B35}
	EndGlobalSection
EndGlobal
